
Microsoft Visual Studio Solution File, Format Version 12.00
# Visual Studio Version 16
VisualStudioVersion = 16.0.30204.135
MinimumVisualStudioVersion = 10.0.40219.1
Project("{FAE04EC0-301F-11D3-BF4B-00C04F79EFBC}") = "MyPasswordManager", "MyPasswordManager\MyPasswordManager.csproj", "{D6AA677E-9196-440F-8809-C93B3E0D7DFA}"
EndProject
Global
	GlobalSection(SolutionConfigurationPlatforms) = preSolution
		Debug|Any CPU = Debug|Any CPU
		Release|Any CPU = Release|Any CPU
	EndGlobalSection
	GlobalSection(ProjectConfigurationPlatforms) = postSolution
		{D6AA677E-9196-440F-8809-C93B3E0D7DFA}.Debug|Any CPU.ActiveCfg = Debug|Any CPU
		{D6AA677E-9196-440F-8809-C93B3E0D7DFA}.Debug|Any CPU.Build.0 = Debug|Any CPU
		{D6AA677E-9196-440F-8809-C93B3E0D7DFA}.Release|Any CPU.ActiveCfg = Release|Any CPU
		{D6AA677E-9196-440F-8809-C93B3E0D7DFA}.Release|Any CPU.Build.0 = Release|Any CPU
	EndGlobalSection
	GlobalSection(SolutionProperties) = preSolution
		HideSolutionNode = FALSE
	EndGlobalSection
	GlobalSection(ExtensibilityGlobals) = postSolution
		SolutionGuid = {EF582F2D-DC02-43AB-A063-BBC19E8673FE}
	EndGlobalSection
EndGlobal
